
Microsoft Visual Studio Solution File, Format Version 12.00
# Visual Studio 2012
Project("{FAE04EC0-301F-11D3-BF4B-00C04F79EFBC}") = "HideUtMob", "HideUtMob\HideUtMob.csproj", "{27E282B5-7310-49DD-85A9-097018FD8D30}"
EndProject
Project("{FAE04EC0-301F-11D3-BF4B-00C04F79EFBC}") = "HideUtMob.iOS", "iOS\HideUtMob.iOS.csproj", "{91C62003-FB4F-4C92-A91F-417D9AB422F1}"
EndProject
Project("{FAE04EC0-301F-11D3-BF4B-00C04F79EFBC}") = "HideUtMob.Droid", "Droid\HideUtMob.Droid.csproj", "{158C025C-E89E-465A-9C2C-DD5460B91A84}"
EndProject
Project("{FAE04EC0-301F-11D3-BF4B-00C04F79EFBC}") = "HideUtMob.UITests", "UITests\HideUtMob.UITests.csproj", "{8D0455EE-1C56-4727-9F1A-F10C5F30E7E2}"
EndProject
Global
	GlobalSection(SolutionConfigurationPlatforms) = preSolution
		Debug|Any CPU = Debug|Any CPU
		Release|Any CPU = Release|Any CPU
		Debug|iPhoneSimulator = Debug|iPhoneSimulator
		Release|iPhone = Release|iPhone
		Release|iPhoneSimulator = Release|iPhoneSimulator
		Debug|iPhone = Debug|iPhone
	EndGlobalSection
	GlobalSection(ProjectConfigurationPlatforms) = postSolution
		{27E282B5-7310-49DD-85A9-097018FD8D30}.Debug|Any CPU.ActiveCfg = Debug|Any CPU
		{27E282B5-7310-49DD-85A9-097018FD8D30}.Debug|Any CPU.Build.0 = Debug|Any CPU
		{27E282B5-7310-49DD-85A9-097018FD8D30}.Release|Any CPU.ActiveCfg = Release|Any CPU
		{27E282B5-7310-49DD-85A9-097018FD8D30}.Release|Any CPU.Build.0 = Release|Any CPU
		{27E282B5-7310-49DD-85A9-097018FD8D30}.Debug|iPhoneSimulator.ActiveCfg = Debug|Any CPU
		{27E282B5-7310-49DD-85A9-097018FD8D30}.Debug|iPhoneSimulator.Build.0 = Debug|Any CPU
		{27E282B5-7310-49DD-85A9-097018FD8D30}.Release|iPhone.ActiveCfg = Release|Any CPU
		{27E282B5-7310-49DD-85A9-097018FD8D30}.Release|iPhone.Build.0 = Release|Any CPU
		{27E282B5-7310-49DD-85A9-097018FD8D30}.Release|iPhoneSimulator.ActiveCfg = Release|Any CPU
		{27E282B5-7310-49DD-85A9-097018FD8D30}.Release|iPhoneSimulator.Build.0 = Release|Any CPU
		{27E282B5-7310-49DD-85A9-097018FD8D30}.Debug|iPhone.ActiveCfg = Debug|Any CPU
		{27E282B5-7310-49DD-85A9-097018FD8D30}.Debug|iPhone.Build.0 = Debug|Any CPU
		{91C62003-FB4F-4C92-A91F-417D9AB422F1}.Debug|Any CPU.ActiveCfg = Debug|iPhoneSimulator
		{91C62003-FB4F-4C92-A91F-417D9AB422F1}.Debug|Any CPU.Build.0 = Debug|iPhoneSimulator
		{91C62003-FB4F-4C92-A91F-417D9AB422F1}.Release|Any CPU.ActiveCfg = Release|iPhone
		{91C62003-FB4F-4C92-A91F-417D9AB422F1}.Release|Any CPU.Build.0 = Release|iPhone
		{91C62003-FB4F-4C92-A91F-417D9AB422F1}.Debug|iPhoneSimulator.ActiveCfg = Debug|iPhoneSimulator
		{91C62003-FB4F-4C92-A91F-417D9AB422F1}.Debug|iPhoneSimulator.Build.0 = Debug|iPhoneSimulator
		{91C62003-FB4F-4C92-A91F-417D9AB422F1}.Release|iPhone.ActiveCfg = Release|iPhone
		{91C62003-FB4F-4C92-A91F-417D9AB422F1}.Release|iPhone.Build.0 = Release|iPhone
		{91C62003-FB4F-4C92-A91F-417D9AB422F1}.Release|iPhoneSimulator.ActiveCfg = Release|iPhoneSimulator
		{91C62003-FB4F-4C92-A91F-417D9AB422F1}.Release|iPhoneSimulator.Build.0 = Release|iPhoneSimulator
		{91C62003-FB4F-4C92-A91F-417D9AB422F1}.Debug|iPhone.ActiveCfg = Debug|iPhone
		{91C62003-FB4F-4C92-A91F-417D9AB422F1}.Debug|iPhone.Build.0 = Debug|iPhone
		{158C025C-E89E-465A-9C2C-DD5460B91A84}.Debug|Any CPU.ActiveCfg = Debug|Any CPU
		{158C025C-E89E-465A-9C2C-DD5460B91A84}.Debug|Any CPU.Build.0 = Debug|Any CPU
		{158C025C-E89E-465A-9C2C-DD5460B91A84}.Release|Any CPU.ActiveCfg = Release|Any CPU
		{158C025C-E89E-465A-9C2C-DD5460B91A84}.Release|Any CPU.Build.0 = Release|Any CPU
		{158C025C-E89E-465A-9C2C-DD5460B91A84}.Debug|iPhoneSimulator.ActiveCfg = Debug|Any CPU
		{158C025C-E89E-465A-9C2C-DD5460B91A84}.Debug|iPhoneSimulator.Build.0 = Debug|Any CPU
		{158C025C-E89E-465A-9C2C-DD5460B91A84}.Release|iPhone.ActiveCfg = Release|Any CPU
		{158C025C-E89E-465A-9C2C-DD5460B91A84}.Release|iPhone.Build.0 = Release|Any CPU
		{158C025C-E89E-465A-9C2C-DD5460B91A84}.Release|iPhoneSimulator.ActiveCfg = Release|Any CPU
		{158C025C-E89E-465A-9C2C-DD5460B91A84}.Release|iPhoneSimulator.Build.0 = Release|Any CPU
		{158C025C-E89E-465A-9C2C-DD5460B91A84}.Debug|iPhone.ActiveCfg = Debug|Any CPU
		{158C025C-E89E-465A-9C2C-DD5460B91A84}.Debug|iPhone.Build.0 = Debug|Any CPU
		{8D0455EE-1C56-4727-9F1A-F10C5F30E7E2}.Debug|Any CPU.ActiveCfg = Debug|Any CPU
		{8D0455EE-1C56-4727-9F1A-F10C5F30E7E2}.Debug|Any CPU.Build.0 = Debug|Any CPU
		{8D0455EE-1C56-4727-9F1A-F10C5F30E7E2}.Release|Any CPU.ActiveCfg = Release|Any CPU
		{8D0455EE-1C56-4727-9F1A-F10C5F30E7E2}.Release|Any CPU.Build.0 = Release|Any CPU
		{8D0455EE-1C56-4727-9F1A-F10C5F30E7E2}.Debug|iPhoneSimulator.ActiveCfg = Debug|Any CPU
		{8D0455EE-1C56-4727-9F1A-F10C5F30E7E2}.Debug|iPhoneSimulator.Build.0 = Debug|Any CPU
		{8D0455EE-1C56-4727-9F1A-F10C5F30E7E2}.Release|iPhone.ActiveCfg = Release|Any CPU
		{8D0455EE-1C56-4727-9F1A-F10C5F30E7E2}.Release|iPhone.Build.0 = Release|Any CPU
		{8D0455EE-1C56-4727-9F1A-F10C5F30E7E2}.Release|iPhoneSimulator.ActiveCfg = Release|Any CPU
		{8D0455EE-1C56-4727-9F1A-F10C5F30E7E2}.Release|iPhoneSimulator.Build.0 = Release|Any CPU
		{8D0455EE-1C56-4727-9F1A-F10C5F30E7E2}.Debug|iPhone.ActiveCfg = Debug|Any CPU
		{8D0455EE-1C56-4727-9F1A-F10C5F30E7E2}.Debug|iPhone.Build.0 = Debug|Any CPU
	EndGlobalSection
EndGlobal
